{
  "name": "call-function-from-original-library",
  "lockfileVersion": 3,
  "requires": true,
  "packages": {
    "": {
      "dependencies": {
        "@daichiizushi/original-library": "^1.0.0"
      }
    },
    "node_modules/@daichiizushi/original-library": {
      "version": "1.0.0",
      "resolved": "https://registry.npmjs.org/@daichiizushi/original-library/-/original-library-1.0.0.tgz",
      "integrity": "sha512-e0ybxtwbr3pPHZaiAR/4Lgr+Pq9xlULcWZknx04lL6Zx6QnXqKl7GX1MVC50oyhVl4mFgS755D38v1i/vDLtHg==",
      "license": "ISC"
    }
  }
}
