{
  "name": "call-function-from-original-library",
  "lockfileVersion": 3,
  "requires": true,
  "packages": {
    "": {
      "dependencies": {
        "@daichiizushi/original-library": "^1.0.1"
      }
    },
    "node_modules/@daichiizushi/original-library": {
      "version": "1.0.1",
      "resolved": "https://registry.npmjs.org/@daichiizushi/original-library/-/original-library-1.0.1.tgz",
      "integrity": "sha512-isgmFOIKxB5lPAQ8qPmhMqhuQVYeXFoQ5L0fge+4J1YPIst+RyGVctc5dDkRkLjserr1HksE61+aIKn8ykuFZQ==",
      "license": "ISC"
    }
  }
}
